
Microsoft Visual Studio Solution File, Format Version 12.00
# Visual Studio 2012
Project("{FAE04EC0-301F-11D3-BF4B-00C04F79EFBC}") = "SpeechTest", "SpeechTest\SpeechTest.csproj", "{E14C034E-7E33-4431-9B5B-5433405A2768}"
EndProject
Global
	GlobalSection(SolutionConfigurationPlatforms) = preSolution
		Debug|x86 = Debug|x86
		Release|x86 = Release|x86
	EndGlobalSection
	GlobalSection(ProjectConfigurationPlatforms) = postSolution
		{E14C034E-7E33-4431-9B5B-5433405A2768}.Debug|x86.ActiveCfg = Debug|x86
		{E14C034E-7E33-4431-9B5B-5433405A2768}.Debug|x86.Build.0 = Debug|x86
		{E14C034E-7E33-4431-9B5B-5433405A2768}.Release|x86.ActiveCfg = Release|x86
		{E14C034E-7E33-4431-9B5B-5433405A2768}.Release|x86.Build.0 = Release|x86
	EndGlobalSection
EndGlobal
